dependencies:
  espressif/button:
    component_hash: 1f5297fe16f0ee988dbb14b6f4c91782fe2baf85025bb15cc1e0093edd3fb2ee
    dependencies:
    - name: idf
      require: private
      version: '>=4.0'
    - name: espressif/cmake_utilities
      registry_url: https://components.espressif.com
      require: private
      version: 0.*
    source:
      registry_url: https://components.espressif.com/
      type: service
    version: 3.2.0
  espressif/cmake_utilities:
    component_hash: 351350613ceafba240b761b4ea991e0f231ac7a9f59a9ee901f751bddc0bb18f
    dependencies:
    - name: idf
      require: private
      version: '>=4.1'
    source:
      registry_url: https://components.espressif.com
      type: service
    version: 0.5.3
  espressif/ds18b20:
    component_hash: d676429d9f1f686b65ed895e418eb4b331477bcd5d63c27f43dc3d6a2de8f13b
    dependencies:
    - name: espressif/onewire_bus
      registry_url: https://components.espressif.com
      require: private
      version: ^1.0.0
    source:
      registry_url: https://components.espressif.com/
      type: service
    version: 0.1.1
  espressif/led_indicator:
    component_hash: 7a95d7eb331a71a0dc29ef904a6b6b513fa23f0ce42776545a1e950c40ee94bc
    dependencies:
    - name: idf
      require: private
      version: '>=4.0'
    - name: espressif/cmake_utilities
      registry_url: https://components.espressif.com
      require: private
      version: 0.*
    - name: espressif/led_strip
      registry_url: https://components.espressif.com
      require: public
      version: '>=2.5.2'
    source:
      registry_url: https://components.espressif.com/
      type: service
    version: 0.9.2
  espressif/led_strip:
    component_hash: f0d1b7f93eb3ee57bcfd220656176b0b5616e1947f89ed44364555cf910c4840
    dependencies:
    - name: idf
      require: private
      version: '>=5.0'
    source:
      registry_url: https://components.espressif.com
      type: service
    version: 3.0.2
  espressif/onewire_bus:
    component_hash: 11729fd9a5de80225177a61e9cd77de91683b8ec300e83710d5327b666dbe884
    dependencies:
    - name: idf
      require: private
      version: '>=5.0'
    source:
      registry_url: https://components.espressif.com
      type: service
    version: 1.0.4
  idf:
    source:
      type: idf
    version: 5.3.0
direct_dependencies:
- espressif/button
- espressif/ds18b20
- espressif/led_indicator
- idf
manifest_hash: 8a0c79c98f3ba9a43264ca2e2aba8767ce830b3047a3e62999475aaf71de1447
target: esp32
version: 2.0.0
